
Microsoft Visual Studio Solution File, Format Version 12.00
# Visual Studio Version 17
VisualStudioVersion = 17.10.35027.167
MinimumVisualStudioVersion = 10.0.40219.1
Project("{FAE04EC0-301F-11D3-BF4B-00C04F79EFBC}") = "WebApplication2", "WebApplication2.csproj", "{FBA196DC-E0AF-43EE-BDCD-673097FFE1ED}"
EndProject
Global
	GlobalSection(SolutionConfigurationPlatforms) = preSolution
		Debug|Any CPU = Debug|Any CPU
		Release|Any CPU = Release|Any CPU
	EndGlobalSection
	GlobalSection(ProjectConfigurationPlatforms) = postSolution
		{FBA196DC-E0AF-43EE-BDCD-673097FFE1ED}.Debug|Any CPU.ActiveCfg = Debug|Any CPU
		{FBA196DC-E0AF-43EE-BDCD-673097FFE1ED}.Debug|Any CPU.Build.0 = Debug|Any CPU
		{FBA196DC-E0AF-43EE-BDCD-673097FFE1ED}.Release|Any CPU.ActiveCfg = Release|Any CPU
		{FBA196DC-E0AF-43EE-BDCD-673097FFE1ED}.Release|Any CPU.Build.0 = Release|Any CPU
	EndGlobalSection
	GlobalSection(SolutionProperties) = preSolution
		HideSolutionNode = FALSE
	EndGlobalSection
	GlobalSection(ExtensibilityGlobals) = postSolution
		SolutionGuid = {79C715A1-FE44-4CD4-B499-0D297452146F}
	EndGlobalSection
EndGlobal
