
Microsoft Visual Studio Solution File, Format Version 12.00
# Visual Studio Version 17
VisualStudioVersion = 17.10.35027.167
MinimumVisualStudioVersion = 10.0.40219.1
Project("{9A19103F-16F7-4668-BE54-9A1E7A4F7556}") = "WebApplication1", "WebApplication1\WebApplication1.csproj", "{E7D62117-787A-4A0C-881D-CAA68ECF3F08}"
EndProject
Global
	GlobalSection(SolutionConfigurationPlatforms) = preSolution
		Debug|Any CPU = Debug|Any CPU
		Release|Any CPU = Release|Any CPU
	EndGlobalSection
	GlobalSection(ProjectConfigurationPlatforms) = postSolution
		{E7D62117-787A-4A0C-881D-CAA68ECF3F08}.Debug|Any CPU.ActiveCfg = Debug|Any CPU
		{E7D62117-787A-4A0C-881D-CAA68ECF3F08}.Debug|Any CPU.Build.0 = Debug|Any CPU
		{E7D62117-787A-4A0C-881D-CAA68ECF3F08}.Release|Any CPU.ActiveCfg = Release|Any CPU
		{E7D62117-787A-4A0C-881D-CAA68ECF3F08}.Release|Any CPU.Build.0 = Release|Any CPU
	EndGlobalSection
	GlobalSection(SolutionProperties) = preSolution
		HideSolutionNode = FALSE
	EndGlobalSection
	GlobalSection(ExtensibilityGlobals) = postSolution
		SolutionGuid = {7461B4B1-1B2A-46B6-8E46-C5E4A86EDF67}
	EndGlobalSection
EndGlobal
